{
  "version": 4,
  "terraform_version": "1.2.3",
  "serial": 13,
  "lineage": "ddf21e91-988c-88c9-e919-861c5676189d",
  "outputs": {
    "kubernetes_cluster_host": {
      "value": "35.223.62.32",
      "type": "string"
    },
    "kubernetes_cluster_name": {
      "value": "betana-355414-gke",
      "type": "string"
    },
    "project_id": {
      "value": "betana-355414",
      "type": "string"
    },
    "region": {
      "value": "us-central1",
      "type": "string"
    }
  },
  "resources": [
    {
      "mode": "managed",
      "type": "docker_container",
      "name": "web",
      "provider": "provider[\"registry.terraform.io/kreuzwerker/docker\"]",
      "instances": [
        {
          "schema_version": 2,
          "attributes": {
            "attach": false,
            "bridge": "",
            "capabilities": [],
            "command": [
              "node",
              "server.js"
            ],
            "container_logs": null,
            "cpu_set": "",
            "cpu_shares": 0,
            "destroy_grace_seconds": null,
            "devices": [],
            "dns": null,
            "dns_opts": null,
            "dns_search": null,
            "domainname": "",
            "entrypoint": [
              "docker-entrypoint.sh"
            ],
            "env": [],
            "exit_code": null,
            "gateway": "172.17.0.1",
            "group_add": null,
            "healthcheck": null,
            "host": [],
            "hostname": "eb38ce070e5c",
            "id": "eb38ce070e5cac652a273a9212f0965bf39801db3aef5bd077bd5931c5b85517",
            "image": "sha256:c25f1c9d50d8dfb6bab80dcd91cf4fdcd8aa6357617f9c807b1111a151e40611",
            "init": false,
            "ip_address": "172.17.0.2",
            "ip_prefix_length": 16,
            "ipc_mode": "private",
            "labels": [],
            "links": null,
            "log_driver": "json-file",
            "log_opts": null,
            "logs": false,
            "max_retry_count": 0,
            "memory": 0,
            "memory_swap": 0,
            "mounts": [],
            "must_run": true,
            "name": "web",
            "network_alias": null,
            "network_data": [
              {
                "gateway": "172.17.0.1",
                "global_ipv6_address": "",
                "global_ipv6_prefix_length": 0,
                "ip_address": "172.17.0.2",
                "ip_prefix_length": 16,
                "ipv6_gateway": "",
                "network_name": "bridge"
              }
            ],
            "network_mode": "default",
            "networks": null,
            "networks_advanced": [],
            "pid_mode": "",
            "ports": [
              {
                "external": 3000,
                "internal": 3000,
                "ip": "0.0.0.0",
                "protocol": "tcp"
              }
            ],
            "privileged": false,
            "publish_all_ports": false,
            "read_only": false,
            "remove_volumes": true,
            "restart": "no",
            "rm": false,
            "security_opts": [],
            "shm_size": 64,
            "start": true,
            "stdin_open": false,
            "storage_opts": null,
            "sysctls": null,
            "tmpfs": null,
            "tty": false,
            "ulimit": [],
            "upload": [],
            "user": "",
            "userns_mode": "",
            "volumes": [],
            "working_dir": "/usr/src/app"
          },
          "sensitive_attributes": [],
          "private": "eyJzY2hlbWFfdmVyc2lvbiI6IjIifQ==",
          "dependencies": [
            "docker_image.betana-front"
          ]
        }
      ]
    },
    {
      "mode": "managed",
      "type": "docker_image",
      "name": "betana-front",
      "provider": "provider[\"registry.terraform.io/kreuzwerker/docker\"]",
      "instances": [
        {
          "schema_version": 0,
          "attributes": {
            "build": [
              {
                "build_arg": {},
                "dockerfile": "Dockerfile",
                "force_remove": false,
                "label": {},
                "no_cache": false,
                "path": "./betana-front",
                "remove": true,
                "tag": [],
                "target": ""
              }
            ],
            "force_remove": null,
            "id": "sha256:c25f1c9d50d8dfb6bab80dcd91cf4fdcd8aa6357617f9c807b1111a151e40611betana-front",
            "keep_locally": null,
            "latest": "sha256:c25f1c9d50d8dfb6bab80dcd91cf4fdcd8aa6357617f9c807b1111a151e40611",
            "name": "betana-front",
            "output": null,
            "pull_trigger": null,
            "pull_triggers": null,
            "repo_digest": ""
          },
          "sensitive_attributes": [],
          "private": "bnVsbA=="
        }
      ]
    },
    {
      "mode": "managed",
      "type": "google_compute_network",
      "name": "vpc",
      "provider": "provider[\"registry.terraform.io/hashicorp/google\"]",
      "instances": [
        {
          "schema_version": 0,
          "attributes": {
            "auto_create_subnetworks": false,
            "delete_default_routes_on_create": false,
            "description": "",
            "gateway_ipv4": "",
            "id": "projects/betana-355414/global/networks/betana-355414-vpc",
            "mtu": 0,
            "name": "betana-355414-vpc",
            "project": "betana-355414",
            "routing_mode": "REGIONAL",
            "self_link": "https://www.googleapis.com/compute/v1/projects/betana-355414/global/networks/betana-355414-vpc",
            "timeouts": null
          },
          "sensitive_attributes": [],
          "private": "eyJlMmJmYjczMC1lY2FhLTExZTYtOGY4OC0zNDM2M2JjN2M0YzAiOnsiY3JlYXRlIjoyNDAwMDAwMDAwMDAsImRlbGV0ZSI6MjQwMDAwMDAwMDAwLCJ1cGRhdGUiOjI0MDAwMDAwMDAwMH19"
        }
      ]
    },
    {
      "mode": "managed",
      "type": "google_compute_subnetwork",
      "name": "subnet",
      "provider": "provider[\"registry.terraform.io/hashicorp/google\"]",
      "instances": [
        {
          "schema_version": 0,
          "attributes": {
            "creation_timestamp": "2022-07-06T01:36:08.970-07:00",
            "description": "",
            "fingerprint": null,
            "gateway_address": "10.10.0.1",
            "id": "projects/betana-355414/regions/us-central1/subnetworks/betana-355414-subnet",
            "ip_cidr_range": "10.10.0.0/24",
            "log_config": [],
            "name": "betana-355414-subnet",
            "network": "https://www.googleapis.com/compute/v1/projects/betana-355414/global/networks/betana-355414-vpc",
            "private_ip_google_access": false,
            "private_ipv6_google_access": "DISABLE_GOOGLE_ACCESS",
            "project": "betana-355414",
            "region": "us-central1",
            "secondary_ip_range": [],
            "self_link": "https://www.googleapis.com/compute/v1/projects/betana-355414/regions/us-central1/subnetworks/betana-355414-subnet",
            "timeouts": null
          },
          "sensitive_attributes": [],
          "private": "eyJlMmJmYjczMC1lY2FhLTExZTYtOGY4OC0zNDM2M2JjN2M0YzAiOnsiY3JlYXRlIjozNjAwMDAwMDAwMDAsImRlbGV0ZSI6MzYwMDAwMDAwMDAwLCJ1cGRhdGUiOjM2MDAwMDAwMDAwMH19",
          "dependencies": [
            "google_compute_network.vpc"
          ]
        }
      ]
    },
    {
      "mode": "managed",
      "type": "google_container_cluster",
      "name": "primary",
      "provider": "provider[\"registry.terraform.io/hashicorp/google\"]",
      "instances": [
        {
          "schema_version": 1,
          "attributes": {
            "addons_config": [
              {
                "cloudrun_config": [],
                "horizontal_pod_autoscaling": [],
                "http_load_balancing": [],
                "network_policy_config": [
                  {
                    "disabled": true
                  }
                ]
              }
            ],
            "authenticator_groups_config": [],
            "cluster_autoscaling": [
              {
                "auto_provisioning_defaults": [],
                "enabled": false,
                "resource_limits": []
              }
            ],
            "cluster_ipv4_cidr": "10.48.0.0/14",
            "database_encryption": [
              {
                "key_name": "",
                "state": "DECRYPTED"
              }
            ],
            "default_max_pods_per_node": 110,
            "description": "",
            "enable_binary_authorization": false,
            "enable_intranode_visibility": null,
            "enable_kubernetes_alpha": false,
            "enable_legacy_abac": false,
            "enable_shielded_nodes": false,
            "enable_tpu": null,
            "endpoint": "35.223.62.32",
            "id": "projects/betana-355414/locations/us-central1/clusters/betana-355414-gke",
            "initial_node_count": 1,
            "instance_group_urls": [],
            "ip_allocation_policy": [
              {
                "cluster_ipv4_cidr_block": "10.48.0.0/14",
                "cluster_secondary_range_name": "gke-betana-355414-gke-pods-96b17cf8",
                "services_ipv4_cidr_block": "10.52.0.0/20",
                "services_secondary_range_name": "gke-betana-355414-gke-services-96b17cf8"
              }
            ],
            "label_fingerprint": "a9dc16a7",
            "location": "us-central1",
            "logging_service": "logging.googleapis.com/kubernetes",
            "maintenance_policy": [],
            "master_auth": [
              {
                "client_certificate": "",
                "client_certificate_config": [
                  {
                    "issue_client_certificate": false
                  }
                ],
                "client_key": "",
                "cluster_ca_certificate": "LS0tLS1CRUdJTiBDRVJUSUZJQ0FURS0tLS0tCk1JSUVMVENDQXBXZ0F3SUJBZ0lSQU9TS256ZVM3SVRpSnAvbEQxWnowaDB3RFFZSktvWklodmNOQVFFTEJRQXcKTHpFdE1Dc0dBMVVFQXhNa05qWXpabVkzWldVdE1UVTFOUzAwTmpsa0xXSTRZVGN0WXprMVpqWTBOelkxTmpndwpNQ0FYRFRJeU1EY3dOakEzTXpZeU1Gb1lEekl3TlRJd05qSTRNRGd6TmpJd1dqQXZNUzB3S3dZRFZRUURFeVEyCk5qTm1aamRsWlMweE5UVTFMVFEyT1dRdFlqaGhOeTFqT1RWbU5qUTNOalUyT0RBd2dnR2lNQTBHQ1NxR1NJYjMKRFFFQkFRVUFBNElCandBd2dnR0tBb0lCZ1FDbGJjakZyZ2QrY09NZ3k2bXljQ1JnVkZpMEVLRVExcGxlenNZTwpoMFJ0bm9jNnRpV1RHQUVtRG04V05PdUdSaER2UUt1QkNUcS9UNzdidkJOSFlFclBzbDFPVHVtN3dReDl2aEwvCk0rMTRoQjRoSkUzQ0oxOE1vZ1k2Ymg1NGxwZ1RYa1hZMnhJdHhRcDc3cTFta3kvalVGSFZ5YTdIRG5UT1dIK2wKN2RFV25DZmM5R05SWDVWSWNLajBxWlRhQnN0YWFSQ0dBNVBDWVdDbXBYZEU1Z2pIRFVRQ0pNS0loS0tqaXgyaQpBTzZPaFVvWTRQem93bW1IREVoenVUTlNkNnN1MzhkS051dmZ2bEJWdkR2RFRpTlJJSlBERGhTb2luUkZnNDNWCkk3amptV2Z3YWZWOE5SSlkzWjR6VmpEWmtkQ0lRenh5UWJsT3lxWkx4bUlpb3JRNXhiOXlHdlV5dFVIeTZBSHEKb0lEYUwwYXl6UHBkMkNSZmxMOWhOMVMwNHJMZmU2YTAxditnWmlwQlljK3U1RHpRK3lNL2J0TENFekFHd3NmWQpzb2U5SytEWUVER0dXZDYxMEtSLzhCQnhDMTVnWWVZZFFMR3hxSUw4UGdCbndhNHA3cGFoc2U4aERBdm80MjIyCjdreWhTSjRORTA1SnVjWHhzVjB2NTVhcW1oRUNBd0VBQWFOQ01FQXdEZ1lEVlIwUEFRSC9CQVFEQWdJRU1BOEcKQTFVZEV3RUIvd1FGTUFNQkFmOHdIUVlEVlIwT0JCWUVGSm1zNTg5SUNRaVlaOWVKaUVyQStkMjNPQjRmTUEwRwpDU3FHU0liM0RRRUJDd1VBQTRJQmdRQWJueElhYzRLTG9ueVVPSFJ5Nmo1UXRMZ3ErNlBtdHpOa2EvVFFnYkw4ClM1ZU81RUtxYkVjN05XRGNLK0xkb2dweXpSdSt3ek9wNUQzaXhWdFlMRjR0UjllSkwvVzBxaFNDa3F1QVdmOVAKTTJzODRYa0JnbXBvSUVKWEo0aUhtNnVBdlBCR3hRZWg0L3VsTnlINXZJbmlXRXFoUHp0Y2M3ZkJ3cEVNd1VIMApvaUtUemF2clRJUUhpemtPdWo3MnRTOFRoK0VVejRNQlUwZFE5UUxGWjFzNUlaUUVRNUZMeWJiMHBTclhQNVFnCjUrcTFleGJkTGE1eGlkN05WOEJVaU9ZVGNWZ053dHB2ZmJqZW5XVGNCSzZjUnZ5T1VWY2tJdlNLaHhXelBzMDEKMk9mbTdXcXFkaS9KNjdTMjV2SHVtdjBCK2xlS2VwM3FKTWZCUHlRVjNaSmRuaFVEOUJRY3VOUksyYVVZWE9OagpWeEdlOHhNdWhZUC9EV2xMMGU3UkNlLzFjUlNGdmhRVlh2c0V5NUgzdzhDVCs1MkhWS3pFQTJTMGFUMWxmVzVLCkJxSHlEdnd1d0dGeUR1dng1cks4Ym1IdkNFRG9mdjJnMTc1YjNsdFpEOW1vd3lQdTFHaVd6c09sUVlObEdIZ2YKTHlhVHcwWkVMZVJCQk50MWZVUHhFUWc9Ci0tLS0tRU5EIENFUlRJRklDQVRFLS0tLS0K",
                "password": "",
                "username": ""
              }
            ],
            "master_authorized_networks_config": [],
            "master_version": "1.22.8-gke.202",
            "min_master_version": null,
            "monitoring_service": "monitoring.googleapis.com/kubernetes",
            "name": "betana-355414-gke",
            "network": "projects/betana-355414/global/networks/betana-355414-vpc",
            "network_policy": [
              {
                "enabled": false,
                "provider": "PROVIDER_UNSPECIFIED"
              }
            ],
            "node_config": [],
            "node_locations": [
              "us-central1-b",
              "us-central1-c",
              "us-central1-f"
            ],
            "node_pool": [],
            "node_version": "1.22.8-gke.202",
            "operation": null,
            "pod_security_policy_config": [],
            "private_cluster_config": [],
            "project": "betana-355414",
            "release_channel": [
              {
                "channel": "REGULAR"
              }
            ],
            "remove_default_node_pool": true,
            "resource_labels": null,
            "resource_usage_export_config": [],
            "self_link": "https://container.googleapis.com/v1beta1/projects/betana-355414/locations/us-central1/clusters/betana-355414-gke",
            "services_ipv4_cidr": "10.52.0.0/20",
            "subnetwork": "projects/betana-355414/regions/us-central1/subnetworks/betana-355414-subnet",
            "timeouts": null,
            "vertical_pod_autoscaling": [],
            "workload_identity_config": []
          },
          "sensitive_attributes": [],
          "private": "eyJlMmJmYjczMC1lY2FhLTExZTYtOGY4OC0zNDM2M2JjN2M0YzAiOnsiY3JlYXRlIjoyNDAwMDAwMDAwMDAwLCJkZWxldGUiOjI0MDAwMDAwMDAwMDAsInJlYWQiOjI0MDAwMDAwMDAwMDAsInVwZGF0ZSI6MzYwMDAwMDAwMDAwMH0sInNjaGVtYV92ZXJzaW9uIjoiMSJ9",
          "dependencies": [
            "google_compute_network.vpc",
            "google_compute_subnetwork.subnet"
          ]
        }
      ]
    },
    {
      "mode": "managed",
      "type": "google_container_node_pool",
      "name": "primary_nodes",
      "provider": "provider[\"registry.terraform.io/hashicorp/google\"]",
      "instances": [
        {
          "schema_version": 1,
          "attributes": {
            "autoscaling": [],
            "cluster": "betana-355414-gke",
            "id": "projects/betana-355414/locations/us-central1/clusters/betana-355414-gke/nodePools/betana-355414-gke-node-pool",
            "initial_node_count": 2,
            "instance_group_urls": [
              "https://www.googleapis.com/compute/v1/projects/betana-355414/zones/us-central1-f/instanceGroupManagers/gke-betana-355414-gk-betana-355414-gk-2b3434d0-grp",
              "https://www.googleapis.com/compute/v1/projects/betana-355414/zones/us-central1-c/instanceGroupManagers/gke-betana-355414-gk-betana-355414-gk-3d4ac73d-grp",
              "https://www.googleapis.com/compute/v1/projects/betana-355414/zones/us-central1-b/instanceGroupManagers/gke-betana-355414-gk-betana-355414-gk-e48557a0-grp"
            ],
            "location": "us-central1",
            "management": [
              {
                "auto_repair": true,
                "auto_upgrade": true
              }
            ],
            "max_pods_per_node": 110,
            "name": "betana-355414-gke-node-pool",
            "name_prefix": "",
            "node_config": [
              {
                "disk_size_gb": 100,
                "disk_type": "pd-standard",
                "guest_accelerator": [],
                "image_type": "COS_CONTAINERD",
                "labels": {
                  "env": "betana-355414"
                },
                "local_ssd_count": 0,
                "machine_type": "n1-standard-1",
                "metadata": {
                  "disable-legacy-endpoints": "true"
                },
                "min_cpu_platform": "",
                "oauth_scopes": [
                  "https://www.googleapis.com/auth/logging.write",
                  "https://www.googleapis.com/auth/monitoring"
                ],
                "preemptible": false,
                "service_account": "default",
                "shielded_instance_config": [
                  {
                    "enable_integrity_monitoring": true,
                    "enable_secure_boot": false
                  }
                ],
                "tags": [
                  "gke-node",
                  "betana-355414-gke"
                ],
                "taint": [],
                "workload_metadata_config": []
              }
            ],
            "node_count": 2,
            "node_locations": [
              "us-central1-b",
              "us-central1-c",
              "us-central1-f"
            ],
            "project": "betana-355414",
            "timeouts": null,
            "upgrade_settings": [
              {
                "max_surge": 1,
                "max_unavailable": 0
              }
            ],
            "version": "1.22.8-gke.202"
          },
          "sensitive_attributes": [],
          "private": "eyJlMmJmYjczMC1lY2FhLTExZTYtOGY4OC0zNDM2M2JjN2M0YzAiOnsiY3JlYXRlIjoxODAwMDAwMDAwMDAwLCJkZWxldGUiOjE4MDAwMDAwMDAwMDAsInVwZGF0ZSI6MTgwMDAwMDAwMDAwMH0sInNjaGVtYV92ZXJzaW9uIjoiMSJ9",
          "dependencies": [
            "google_compute_network.vpc",
            "google_compute_subnetwork.subnet",
            "google_container_cluster.primary"
          ]
        }
      ]
    }
  ]
}
